
Microsoft Visual Studio Solution File, Format Version 12.00
# Visual Studio Version 16
VisualStudioVersion = 16.0.29326.143
MinimumVisualStudioVersion = 10.0.40219.1
Project("{9A19103F-16F7-4668-BE54-9A1E7A4F7556}") = "UserService.Mediator", "UserService.Mediator\UserService.Mediator.csproj", "{6FF0AA38-A71D-4DF4-9621-DC510D50604E}"
EndProject
Project("{E53339B2-1760-4266-BCC7-CA923CBCF16C}") = "docker-compose", "docker-compose.dcproj", "{2CCFC6B0-4845-4AEE-9A97-205F9C66D3D8}"
EndProject
Project("{9A19103F-16F7-4668-BE54-9A1E7A4F7556}") = "UserService.Domain", "UserService.Domain\UserService.Domain.csproj", "{F81E5D80-CB69-4E1B-AC24-F03A85EF65A4}"
EndProject
Project("{9A19103F-16F7-4668-BE54-9A1E7A4F7556}") = "UserService.Infrastructure", "UserService.Infrastructure\UserService.Infrastructure.csproj", "{5AF475B9-6BBA-4526-BCA1-B09724E34605}"
EndProject
Project("{2150E333-8FDC-42A3-9474-1A3956D46DE8}") = "Solution Items", "Solution Items", "{C98DA416-F946-486E-B941-D88DE14648C0}"
	ProjectSection(SolutionItems) = preProject
		.travis.yml = .travis.yml
		Dockerrun.aws.json = Dockerrun.aws.json
	EndProjectSection
EndProject
Project("{9A19103F-16F7-4668-BE54-9A1E7A4F7556}") = "UserService.Query", "UserService.Query\UserService.Query.csproj", "{802970EB-DFD4-42BE-9F9B-2C13752D3A34}"
EndProject
Project("{2150E333-8FDC-42A3-9474-1A3956D46DE8}") = "Command", "Command", "{09BB56ED-09C4-4C5D-8184-8C1A2599EC22}"
EndProject
Project("{2150E333-8FDC-42A3-9474-1A3956D46DE8}") = "Query", "Query", "{1FB0B81D-DE51-4D7B-B104-24F080EE7567}"
EndProject
Project("{2150E333-8FDC-42A3-9474-1A3956D46DE8}") = "Core", "Core", "{903BC59E-9E27-4B87-B58E-1F44755E32AC}"
EndProject
Project("{9A19103F-16F7-4668-BE54-9A1E7A4F7556}") = "UserService.Command.Contracts", "UserService.Command.Contracts\UserService.Command.Contracts.csproj", "{FAF4BBC3-AB71-4EB2-9069-C22058702AD5}"
EndProject
Project("{9A19103F-16F7-4668-BE54-9A1E7A4F7556}") = "UserService.Command", "UserService.Command\UserService.Command.csproj", "{AF93AE11-518D-4856-8200-65877B421ECF}"
EndProject
Project("{9A19103F-16F7-4668-BE54-9A1E7A4F7556}") = "UserService.Query.Contracts", "UserService.Query.Contracts\UserService.Query.Contracts.csproj", "{45102601-5A6A-4826-A364-AB9BE1CBCB01}"
EndProject
Project("{9A19103F-16F7-4668-BE54-9A1E7A4F7556}") = "UserService.Query.Services", "UserService.Query.Services\UserService.Query.Services.csproj", "{4A44624C-0AA8-40B2-95DB-7B443300CF78}"
EndProject
Project("{FAE04EC0-301F-11D3-BF4B-00C04F79EFBC}") = "UserService.Query.Client", "UserService.Query.Client\UserService.Query.Client.csproj", "{DF3232C9-5451-4DCD-8F50-51E82A647137}"
EndProject
Project("{2150E333-8FDC-42A3-9474-1A3956D46DE8}") = "Gateway", "Gateway", "{76C5D733-4802-45C9-9AB4-4850BB5045A9}"
EndProject
Project("{9A19103F-16F7-4668-BE54-9A1E7A4F7556}") = "Gateway", "Gateway\Gateway.csproj", "{8FC075BD-016D-40DC-9DCD-02C16CC6FB90}"
EndProject
Project("{FAE04EC0-301F-11D3-BF4B-00C04F79EFBC}") = "Gateway.Contracts", "Gateway.Contracts\Gateway.Contracts.csproj", "{76EA0D82-E598-4C30-9E84-D28D2F485842}"
EndProject
Project("{FAE04EC0-301F-11D3-BF4B-00C04F79EFBC}") = "UserService.Command.Services", "UserService.Command.Services\UserService.Command.Services.csproj", "{B023FAE5-5FBC-470D-94A7-8E4B43756DDE}"
EndProject
Project("{FAE04EC0-301F-11D3-BF4B-00C04F79EFBC}") = "Gateway.UserService.Adapter", "Gateway.UserService.Adapter\Gateway.UserService.Adapter.csproj", "{2F33F5CD-45FA-4287-AD08-CF3BBA09EFBD}"
EndProject
Project("{2150E333-8FDC-42A3-9474-1A3956D46DE8}") = "Adapters", "Adapters", "{F48F2A4C-3C48-47C4-9DE7-0E93A968AB11}"
EndProject
Global
	GlobalSection(SolutionConfigurationPlatforms) = preSolution
		Debug|Any CPU = Debug|Any CPU
		Release|Any CPU = Release|Any CPU
	EndGlobalSection
	GlobalSection(ProjectConfigurationPlatforms) = postSolution
		{6FF0AA38-A71D-4DF4-9621-DC510D50604E}.Debug|Any CPU.ActiveCfg = Debug|Any CPU
		{6FF0AA38-A71D-4DF4-9621-DC510D50604E}.Debug|Any CPU.Build.0 = Debug|Any CPU
		{6FF0AA38-A71D-4DF4-9621-DC510D50604E}.Release|Any CPU.ActiveCfg = Release|Any CPU
		{6FF0AA38-A71D-4DF4-9621-DC510D50604E}.Release|Any CPU.Build.0 = Release|Any CPU
		{2CCFC6B0-4845-4AEE-9A97-205F9C66D3D8}.Debug|Any CPU.ActiveCfg = Debug|Any CPU
		{2CCFC6B0-4845-4AEE-9A97-205F9C66D3D8}.Debug|Any CPU.Build.0 = Debug|Any CPU
		{2CCFC6B0-4845-4AEE-9A97-205F9C66D3D8}.Release|Any CPU.ActiveCfg = Release|Any CPU
		{2CCFC6B0-4845-4AEE-9A97-205F9C66D3D8}.Release|Any CPU.Build.0 = Release|Any CPU
		{F81E5D80-CB69-4E1B-AC24-F03A85EF65A4}.Debug|Any CPU.ActiveCfg = Debug|Any CPU
		{F81E5D80-CB69-4E1B-AC24-F03A85EF65A4}.Debug|Any CPU.Build.0 = Debug|Any CPU
		{F81E5D80-CB69-4E1B-AC24-F03A85EF65A4}.Release|Any CPU.ActiveCfg = Release|Any CPU
		{F81E5D80-CB69-4E1B-AC24-F03A85EF65A4}.Release|Any CPU.Build.0 = Release|Any CPU
		{5AF475B9-6BBA-4526-BCA1-B09724E34605}.Debug|Any CPU.ActiveCfg = Debug|Any CPU
		{5AF475B9-6BBA-4526-BCA1-B09724E34605}.Debug|Any CPU.Build.0 = Debug|Any CPU
		{5AF475B9-6BBA-4526-BCA1-B09724E34605}.Release|Any CPU.ActiveCfg = Release|Any CPU
		{5AF475B9-6BBA-4526-BCA1-B09724E34605}.Release|Any CPU.Build.0 = Release|Any CPU
		{802970EB-DFD4-42BE-9F9B-2C13752D3A34}.Debug|Any CPU.ActiveCfg = Debug|Any CPU
		{802970EB-DFD4-42BE-9F9B-2C13752D3A34}.Debug|Any CPU.Build.0 = Debug|Any CPU
		{802970EB-DFD4-42BE-9F9B-2C13752D3A34}.Release|Any CPU.ActiveCfg = Release|Any CPU
		{802970EB-DFD4-42BE-9F9B-2C13752D3A34}.Release|Any CPU.Build.0 = Release|Any CPU
		{FAF4BBC3-AB71-4EB2-9069-C22058702AD5}.Debug|Any CPU.ActiveCfg = Debug|Any CPU
		{FAF4BBC3-AB71-4EB2-9069-C22058702AD5}.Debug|Any CPU.Build.0 = Debug|Any CPU
		{FAF4BBC3-AB71-4EB2-9069-C22058702AD5}.Release|Any CPU.ActiveCfg = Release|Any CPU
		{FAF4BBC3-AB71-4EB2-9069-C22058702AD5}.Release|Any CPU.Build.0 = Release|Any CPU
		{AF93AE11-518D-4856-8200-65877B421ECF}.Debug|Any CPU.ActiveCfg = Debug|Any CPU
		{AF93AE11-518D-4856-8200-65877B421ECF}.Debug|Any CPU.Build.0 = Debug|Any CPU
		{AF93AE11-518D-4856-8200-65877B421ECF}.Release|Any CPU.ActiveCfg = Release|Any CPU
		{AF93AE11-518D-4856-8200-65877B421ECF}.Release|Any CPU.Build.0 = Release|Any CPU
		{45102601-5A6A-4826-A364-AB9BE1CBCB01}.Debug|Any CPU.ActiveCfg = Debug|Any CPU
		{45102601-5A6A-4826-A364-AB9BE1CBCB01}.Debug|Any CPU.Build.0 = Debug|Any CPU
		{45102601-5A6A-4826-A364-AB9BE1CBCB01}.Release|Any CPU.ActiveCfg = Release|Any CPU
		{45102601-5A6A-4826-A364-AB9BE1CBCB01}.Release|Any CPU.Build.0 = Release|Any CPU
		{4A44624C-0AA8-40B2-95DB-7B443300CF78}.Debug|Any CPU.ActiveCfg = Debug|Any CPU
		{4A44624C-0AA8-40B2-95DB-7B443300CF78}.Debug|Any CPU.Build.0 = Debug|Any CPU
		{4A44624C-0AA8-40B2-95DB-7B443300CF78}.Release|Any CPU.ActiveCfg = Release|Any CPU
		{4A44624C-0AA8-40B2-95DB-7B443300CF78}.Release|Any CPU.Build.0 = Release|Any CPU
		{DF3232C9-5451-4DCD-8F50-51E82A647137}.Debug|Any CPU.ActiveCfg = Debug|Any CPU
		{DF3232C9-5451-4DCD-8F50-51E82A647137}.Debug|Any CPU.Build.0 = Debug|Any CPU
		{DF3232C9-5451-4DCD-8F50-51E82A647137}.Release|Any CPU.ActiveCfg = Release|Any CPU
		{DF3232C9-5451-4DCD-8F50-51E82A647137}.Release|Any CPU.Build.0 = Release|Any CPU
		{8FC075BD-016D-40DC-9DCD-02C16CC6FB90}.Debug|Any CPU.ActiveCfg = Debug|Any CPU
		{8FC075BD-016D-40DC-9DCD-02C16CC6FB90}.Debug|Any CPU.Build.0 = Debug|Any CPU
		{8FC075BD-016D-40DC-9DCD-02C16CC6FB90}.Release|Any CPU.ActiveCfg = Release|Any CPU
		{8FC075BD-016D-40DC-9DCD-02C16CC6FB90}.Release|Any CPU.Build.0 = Release|Any CPU
		{76EA0D82-E598-4C30-9E84-D28D2F485842}.Debug|Any CPU.ActiveCfg = Debug|Any CPU
		{76EA0D82-E598-4C30-9E84-D28D2F485842}.Debug|Any CPU.Build.0 = Debug|Any CPU
		{76EA0D82-E598-4C30-9E84-D28D2F485842}.Release|Any CPU.ActiveCfg = Release|Any CPU
		{76EA0D82-E598-4C30-9E84-D28D2F485842}.Release|Any CPU.Build.0 = Release|Any CPU
		{B023FAE5-5FBC-470D-94A7-8E4B43756DDE}.Debug|Any CPU.ActiveCfg = Debug|Any CPU
		{B023FAE5-5FBC-470D-94A7-8E4B43756DDE}.Debug|Any CPU.Build.0 = Debug|Any CPU
		{B023FAE5-5FBC-470D-94A7-8E4B43756DDE}.Release|Any CPU.ActiveCfg = Release|Any CPU
		{B023FAE5-5FBC-470D-94A7-8E4B43756DDE}.Release|Any CPU.Build.0 = Release|Any CPU
		{2F33F5CD-45FA-4287-AD08-CF3BBA09EFBD}.Debug|Any CPU.ActiveCfg = Debug|Any CPU
		{2F33F5CD-45FA-4287-AD08-CF3BBA09EFBD}.Debug|Any CPU.Build.0 = Debug|Any CPU
		{2F33F5CD-45FA-4287-AD08-CF3BBA09EFBD}.Release|Any CPU.ActiveCfg = Release|Any CPU
		{2F33F5CD-45FA-4287-AD08-CF3BBA09EFBD}.Release|Any CPU.Build.0 = Release|Any CPU
	EndGlobalSection
	GlobalSection(SolutionProperties) = preSolution
		HideSolutionNode = FALSE
	EndGlobalSection
	GlobalSection(NestedProjects) = preSolution
		{6FF0AA38-A71D-4DF4-9621-DC510D50604E} = {903BC59E-9E27-4B87-B58E-1F44755E32AC}
		{F81E5D80-CB69-4E1B-AC24-F03A85EF65A4} = {903BC59E-9E27-4B87-B58E-1F44755E32AC}
		{5AF475B9-6BBA-4526-BCA1-B09724E34605} = {903BC59E-9E27-4B87-B58E-1F44755E32AC}
		{802970EB-DFD4-42BE-9F9B-2C13752D3A34} = {1FB0B81D-DE51-4D7B-B104-24F080EE7567}
		{FAF4BBC3-AB71-4EB2-9069-C22058702AD5} = {09BB56ED-09C4-4C5D-8184-8C1A2599EC22}
		{AF93AE11-518D-4856-8200-65877B421ECF} = {09BB56ED-09C4-4C5D-8184-8C1A2599EC22}
		{45102601-5A6A-4826-A364-AB9BE1CBCB01} = {1FB0B81D-DE51-4D7B-B104-24F080EE7567}
		{4A44624C-0AA8-40B2-95DB-7B443300CF78} = {1FB0B81D-DE51-4D7B-B104-24F080EE7567}
		{DF3232C9-5451-4DCD-8F50-51E82A647137} = {1FB0B81D-DE51-4D7B-B104-24F080EE7567}
		{8FC075BD-016D-40DC-9DCD-02C16CC6FB90} = {76C5D733-4802-45C9-9AB4-4850BB5045A9}
		{76EA0D82-E598-4C30-9E84-D28D2F485842} = {76C5D733-4802-45C9-9AB4-4850BB5045A9}
		{B023FAE5-5FBC-470D-94A7-8E4B43756DDE} = {09BB56ED-09C4-4C5D-8184-8C1A2599EC22}
		{2F33F5CD-45FA-4287-AD08-CF3BBA09EFBD} = {F48F2A4C-3C48-47C4-9DE7-0E93A968AB11}
		{F48F2A4C-3C48-47C4-9DE7-0E93A968AB11} = {76C5D733-4802-45C9-9AB4-4850BB5045A9}
	EndGlobalSection
	GlobalSection(ExtensibilityGlobals) = postSolution
		SolutionGuid = {BE3A244B-9201-43C7-BC57-D7F6F399B405}
	EndGlobalSection
EndGlobal
